speakeasyVersion: 1.606.9
sources:
    Screenshothis API:
        sourceNamespace: screenshothis-api
        sourceRevisionDigest: sha256:eabc582ad10512d28531a91c6569a72aab46c94459a3e36d45cba4a311b67cc1
        sourceBlobDigest: sha256:77a3316cfdbedfa157a50046f7d4ecd30df063e5e92518ade901b46b39a13633
        tags:
            - latest
            - speakeasy-sdk-regen-1749674215
            - 1.0.0
    Screenshothis-OAS:
        sourceNamespace: screenshothis-oas
        sourceRevisionDigest: sha256:e016fd1ef6aa1abe5ffc6cf2411e3943c014b0181235f77e83d9bb1e3cb0ffbd
        sourceBlobDigest: sha256:fc0b7b6442d080b90641ebdb528d8f9a7d2ad60794fcbbffe62be4417f79642a
        tags:
            - latest
            - speakeasy-sdk-regen-1752108793
            - 1.0.0
targets:
    screenshothis:
        source: Screenshothis-OAS
        sourceNamespace: screenshothis-oas
        sourceRevisionDigest: sha256:e016fd1ef6aa1abe5ffc6cf2411e3943c014b0181235f77e83d9bb1e3cb0ffbd
        sourceBlobDigest: sha256:fc0b7b6442d080b90641ebdb528d8f9a7d2ad60794fcbbffe62be4417f79642a
        codeSamplesNamespace: screenshothis-oas-typescript-code-samples
        codeSamplesRevisionDigest: sha256:8b17aefbf81ebd50cb1855fe4de1650f8934640f7e0457a8ee216f6d5416b429
workflow:
    workflowVersion: 1.0.0
    speakeasyVersion: latest
    sources:
        Screenshothis-OAS:
            inputs:
                - location: https://api.screenshothis.com/openapi
            overlays:
                - location: .speakeasy/speakeasy-modifications-overlay.yaml
            transformations:
                - removeUnused: true
            registry:
                location: registry.speakeasyapi.dev/danestves-llc/screenshothis/screenshothis-oas
    targets:
        screenshothis:
            target: typescript
            source: Screenshothis-OAS
            publish:
                npm:
                    token: $npm_token
            codeSamples:
                output: codeSamples.yaml
                registry:
                    location: registry.speakeasyapi.dev/danestves-llc/screenshothis/screenshothis-oas-typescript-code-samples
                labelOverride:
                    fixedValue: Typescript (SDK)
