speakeasyVersion: 1.568.1
sources:
    Screenshothis API:
        sourceNamespace: screenshothis-api
        sourceRevisionDigest: sha256:eabc582ad10512d28531a91c6569a72aab46c94459a3e36d45cba4a311b67cc1
        sourceBlobDigest: sha256:77a3316cfdbedfa157a50046f7d4ecd30df063e5e92518ade901b46b39a13633
        tags:
            - latest
            - speakeasy-sdk-regen-1749674215
            - 1.0.0
    Screenshothis-OAS:
        sourceNamespace: screenshothis-oas
        sourceRevisionDigest: sha256:e5ea07e743c6b31a3cd7000e8db13d5fcfc68023f77433b3710ee87377cc484c
        sourceBlobDigest: sha256:3c35a5713b30d6f4d584bbc3c690274a8af8041873a51534bea20ce11dcc9730
        tags:
            - latest
            - speakeasy-sdk-regen-1749949041
            - 1.0.0
targets:
    screenshothis:
        source: Screenshothis-OAS
        sourceNamespace: screenshothis-oas
        sourceRevisionDigest: sha256:e5ea07e743c6b31a3cd7000e8db13d5fcfc68023f77433b3710ee87377cc484c
        sourceBlobDigest: sha256:3c35a5713b30d6f4d584bbc3c690274a8af8041873a51534bea20ce11dcc9730
        codeSamplesNamespace: screenshothis-oas-typescript-code-samples
        codeSamplesRevisionDigest: sha256:9a385e3000b5848826bed8f39b71e5030212931b6e7b7f9e24dd6207a9679059
workflow:
    workflowVersion: 1.0.0
    speakeasyVersion: latest
    sources:
        Screenshothis-OAS:
            inputs:
                - location: https://api.screenshothis.com/openapi
            overlays:
                - location: .speakeasy/speakeasy-modifications-overlay.yaml
            transformations:
                - removeUnused: true
            registry:
                location: registry.speakeasyapi.dev/danestves-llc/screenshothis/screenshothis-oas
    targets:
        screenshothis:
            target: typescript
            source: Screenshothis-OAS
            publish:
                npm:
                    token: $npm_token
            codeSamples:
                output: codeSamples.yaml
                registry:
                    location: registry.speakeasyapi.dev/danestves-llc/screenshothis/screenshothis-oas-typescript-code-samples
                labelOverride:
                    fixedValue: Typescript (SDK)
